{
  "nodes": {
    "home-manager": {
      "inputs": {
        "nixpkgs": "nixpkgs",
        "utils": "utils"
      },
      "locked": {
        "lastModified": 1656927578,
        "narHash": "sha256-ZSFrM/1PlJOqCb3mN88ZUh9dkQvNLU/nkoQ2tu02/FM=",
        "owner": "nix-community",
        "repo": "home-manager",
        "rev": "f2445620d177e295e711c1b2bc6c01ed6df26c16",
        "type": "github"
      },
      "original": {
        "owner": "nix-community",
        "repo": "home-manager",
        "type": "github"
      }
    },
    "nixpkgs": {
      "locked": {
        "lastModified": 1654230545,
        "narHash": "sha256-8Vlwf0x8ow6pPOK2a04bT+pxIeRnM1+O0Xv9/CuDzRs=",
        "owner": "nixos",
        "repo": "nixpkgs",
        "rev": "236cc2971ac72acd90f0ae3a797f9f83098b17ec",
        "type": "github"
      },
      "original": {
        "owner": "nixos",
        "ref": "nixos-unstable",
        "repo": "nixpkgs",
        "type": "github"
      }
    },
    "nixpkgs_2": {
      "locked": {
        "lastModified": 1656782578,
        "narHash": "sha256-1eMCBEqJplPotTo/SZ/t5HU6Sf2I8qKlZi9MX7jv9fw=",
        "owner": "NixOS",
        "repo": "nixpkgs",
        "rev": "573603b7fdb9feb0eb8efc16ee18a015c667ab1b",
        "type": "github"
      },
      "original": {
        "owner": "NixOS",
        "ref": "nixos-21.11",
        "repo": "nixpkgs",
        "type": "github"
      }
    },
    "nixpkgs_3": {
      "locked": {
        "lastModified": 1648203577,
        "narHash": "sha256-CbXZkiVTA0ByV/yncFHCAGIa/AfcSb0cjqzEa56rO+Y=",
        "owner": "NixOS",
        "repo": "nixpkgs",
        "rev": "d89f18a17e51532ed5f4d45297b0ddf11e46b9c8",
        "type": "github"
      },
      "original": {
        "owner": "NixOS",
        "ref": "nixos-21.11",
        "repo": "nixpkgs",
        "type": "github"
      }
    },
    "nur": {
      "locked": {
        "lastModified": 1657043854,
        "narHash": "sha256-Yj4heoWo0Laqdruz3NGpQ/SPybRo9f0y63UuVFK04Po=",
        "owner": "nix-community",
        "repo": "NUR",
        "rev": "93dd2a3e160fedd798342e7e91277bff8eb1c998",
        "type": "github"
      },
      "original": {
        "owner": "nix-community",
        "repo": "NUR",
        "type": "github"
      }
    },
    "p4net": {
      "inputs": {
        "nixpkgs": "nixpkgs_3"
      },
      "locked": {
        "lastModified": 1648517659,
        "narHash": "sha256-+ZhIbYnDiYgSlZboXufzFnAi26T+njPFqweW2fyapVc=",
        "owner": "Patient-Engineering",
        "repo": "p4net-nix",
        "rev": "3387e64080fdccab8f6ff7682e7195f9bfa37723",
        "type": "github"
      },
      "original": {
        "owner": "Patient-Engineering",
        "repo": "p4net-nix",
        "type": "github"
      }
    },
    "root": {
      "inputs": {
        "home-manager": "home-manager",
        "nixpkgs": "nixpkgs_2",
        "nur": "nur",
        "p4net": "p4net",
        "secrets": "secrets"
      }
    },
    "secrets": {
      "locked": {
        "lastModified": 1647964896,
        "narHash": "sha256-jgU0nkTSTjYnQ+1irm5dv5ppxiP+JA5ODHc+5vhg6Yw=",
        "ref": "master",
        "rev": "939b48a9fc12533b8bb9d17961fa8d18a7f24460",
        "revCount": 2,
        "type": "git",
        "url": "ssh://git@github.com/msm-code/nix-secrets"
      },
      "original": {
        "type": "git",
        "url": "ssh://git@github.com/msm-code/nix-secrets"
      }
    },
    "utils": {
      "locked": {
        "lastModified": 1653893745,
        "narHash": "sha256-0jntwV3Z8//YwuOjzhV2sgJJPt+HY6KhU7VZUL0fKZQ=",
        "owner": "numtide",
        "repo": "flake-utils",
        "rev": "1ed9fb1935d260de5fe1c2f7ee0ebaae17ed2fa1",
        "type": "github"
      },
      "original": {
        "owner": "numtide",
        "repo": "flake-utils",
        "type": "github"
      }
    }
  },
  "root": "root",
  "version": 7
}
