{
  "nodes": {
    "home-manager": {
      "inputs": {
        "nixpkgs": "nixpkgs"
      },
      "locked": {
        "lastModified": 1667677389,
        "narHash": "sha256-y9Zdq8vtsn0T5TO1iTvWA7JndYIAGjzCjbYVi/hOSmA=",
        "owner": "nix-community",
        "repo": "home-manager",
        "rev": "87d55517f6f36aa1afbd7a4a064869d5a1d405b8",
        "type": "github"
      },
      "original": {
        "owner": "nix-community",
        "ref": "release-22.05",
        "repo": "home-manager",
        "type": "github"
      }
    },
    "nixpkgs": {
      "locked": {
        "lastModified": 1667730222,
        "narHash": "sha256-35T2U6TtbNPP235uE1mnjrLqu/faBsdfyS3Av381sjI=",
        "owner": "NixOS",
        "repo": "nixpkgs",
        "rev": "3a835b51efbbb7ba36d3407af0f7f7e6e63fb917",
        "type": "github"
      },
      "original": {
        "id": "nixpkgs",
        "type": "indirect"
      }
    },
    "nixpkgs-latest": {
      "locked": {
        "lastModified": 1667629849,
        "narHash": "sha256-P+v+nDOFWicM4wziFK9S/ajF2lc0N2Rg9p6Y35uMoZI=",
        "owner": "NixOS",
        "repo": "nixpkgs",
        "rev": "3bacde6273b09a21a8ccfba15586fb165078fb62",
        "type": "github"
      },
      "original": {
        "owner": "NixOS",
        "ref": "nixos-unstable",
        "repo": "nixpkgs",
        "type": "github"
      }
    },
    "nixpkgs_2": {
      "locked": {
        "lastModified": 1667653703,
        "narHash": "sha256-Xow4vx52/g5zkhlgZnMEm/TEXsj+13jTPCc2jIhW1xU=",
        "owner": "NixOS",
        "repo": "nixpkgs",
        "rev": "f09ad462c5a121d0239fde645aacb2221553a217",
        "type": "github"
      },
      "original": {
        "owner": "NixOS",
        "ref": "nixos-22.05",
        "repo": "nixpkgs",
        "type": "github"
      }
    },
    "nixpkgs_3": {
      "locked": {
        "lastModified": 1648203577,
        "narHash": "sha256-CbXZkiVTA0ByV/yncFHCAGIa/AfcSb0cjqzEa56rO+Y=",
        "owner": "NixOS",
        "repo": "nixpkgs",
        "rev": "d89f18a17e51532ed5f4d45297b0ddf11e46b9c8",
        "type": "github"
      },
      "original": {
        "owner": "NixOS",
        "ref": "nixos-21.11",
        "repo": "nixpkgs",
        "type": "github"
      }
    },
    "nur": {
      "locked": {
        "lastModified": 1667842269,
        "narHash": "sha256-OR7typzu0S/uKrVanVGI0PhiEjhF+gwmav/67zQK/Tg=",
        "owner": "nix-community",
        "repo": "NUR",
        "rev": "9dd63ddaabf20cfcdda6d9d7b10b5466c670f1c4",
        "type": "github"
      },
      "original": {
        "owner": "nix-community",
        "repo": "NUR",
        "type": "github"
      }
    },
    "p4net": {
      "inputs": {
        "nixpkgs": "nixpkgs_3"
      },
      "locked": {
        "lastModified": 1648517659,
        "narHash": "sha256-+ZhIbYnDiYgSlZboXufzFnAi26T+njPFqweW2fyapVc=",
        "owner": "Patient-Engineering",
        "repo": "p4net-nix",
        "rev": "3387e64080fdccab8f6ff7682e7195f9bfa37723",
        "type": "github"
      },
      "original": {
        "owner": "Patient-Engineering",
        "repo": "p4net-nix",
        "type": "github"
      }
    },
    "root": {
      "inputs": {
        "home-manager": "home-manager",
        "nixpkgs": "nixpkgs_2",
        "nixpkgs-latest": "nixpkgs-latest",
        "nur": "nur",
        "p4net": "p4net",
        "secrets": "secrets"
      }
    },
    "secrets": {
      "locked": {
        "lastModified": 1647964896,
        "narHash": "sha256-jgU0nkTSTjYnQ+1irm5dv5ppxiP+JA5ODHc+5vhg6Yw=",
        "ref": "master",
        "rev": "939b48a9fc12533b8bb9d17961fa8d18a7f24460",
        "revCount": 2,
        "type": "git",
        "url": "ssh://git@github.com/msm-code/nix-secrets"
      },
      "original": {
        "type": "git",
        "url": "ssh://git@github.com/msm-code/nix-secrets"
      }
    }
  },
  "root": "root",
  "version": 7
}
